// !$*UTF8*$!
{
	archiveVersion = 1;
	classes = {
	};
	objectVersion = 50;
	objects = {

/* Begin PBXBuildFile section */
		F429F54F23967205004B919B /* AppDelegate.swift in Sources */ = {isa = PBXBuildFile; fileRef = F429F54E23967205004B919B /* AppDelegate.swift */; };
		F429F55123967205004B919B /* SceneDelegate.swift in Sources */ = {isa = PBXBuildFile; fileRef = F429F55023967205004B919B /* SceneDelegate.swift */; };
		F429F55323967205004B919B /* ViewController.swift in Sources */ = {isa = PBXBuildFile; fileRef = F429F55223967205004B919B /* ViewController.swift */; };
		F429F55623967205004B919B /* Main.storyboard in Resources */ = {isa = PBXBuildFile; fileRef = F429F55423967205004B919B /* Main.storyboard */; };
		F429F55823967206004B919B /* Assets.xcassets in Resources */ = {isa = PBXBuildFile; fileRef = F429F55723967206004B919B /* Assets.xcassets */; };
		F429F55B23967206004B919B /* LaunchScreen.storyboard in Resources */ = {isa = PBXBuildFile; fileRef = F429F55923967206004B919B /* LaunchScreen.storyboard */; };
		F429F5632396F8C5004B919B /* TouchView.swift in Sources */ = {isa = PBXBuildFile; fileRef = F429F5622396F8C5004B919B /* TouchView.swift */; };
		F429F565239705DE004B919B /* .gitignore in Resources */ = {isa = PBXBuildFile; fileRef = F429F564239705DE004B919B /* .gitignore */; };
/* End PBXBuildFile section */

/* Begin PBXFileReference section */
		F429F54B23967205004B919B /* ShowMeYourTouch.app */ = {isa = PBXFileReference; explicitFileType = wrapper.application; includeInIndex = 0; path = ShowMeYourTouch.app; sourceTree = BUILT_PRODUCTS_DIR; };
		F429F54E23967205004B919B /* AppDelegate.swift */ = {isa = PBXFileReference; lastKnownFileType = sourcecode.swift; path = AppDelegate.swift; sourceTree = "<group>"; };
		F429F55023967205004B919B /* SceneDelegate.swift */ = {isa = PBXFileReference; lastKnownFileType = sourcecode.swift; path = SceneDelegate.swift; sourceTree = "<group>"; };
		F429F55223967205004B919B /* ViewController.swift */ = {isa = PBXFileReference; lastKnownFileType = sourcecode.swift; path = ViewController.swift; sourceTree = "<group>"; };
		F429F55523967205004B919B /* Base */ = {isa = PBXFileReference; lastKnownFileType = file.storyboard; name = Base; path = Base.lproj/Main.storyboard; sourceTree = "<group>"; };
		F429F55723967206004B919B /* Assets.xcassets */ = {isa = PBXFileReference; lastKnownFileType = folder.assetcatalog; path = Assets.xcassets; sourceTree = "<group>"; };
		F429F55A23967206004B919B /* Base */ = {isa = PBXFileReference; lastKnownFileType = file.storyboard; name = Base; path = Base.lproj/LaunchScreen.storyboard; sourceTree = "<group>"; };
		F429F55C23967206004B919B /* Info.plist */ = {isa = PBXFileReference; lastKnownFileType = text.plist.xml; path = Info.plist; sourceTree = "<group>"; };
		F429F5622396F8C5004B919B /* TouchView.swift */ = {isa = PBXFileReference; lastKnownFileType = sourcecode.swift; path = TouchView.swift; sourceTree = "<group>"; };
		F429F564239705DE004B919B /* .gitignore */ = {isa = PBXFileReference; fileEncoding = 4; lastKnownFileType = text; path = .gitignore; sourceTree = "<group>"; };
/* End PBXFileReference section */

/* Begin PBXFrameworksBuildPhase section */
		F429F54823967205004B919B /* Frameworks */ = {
			isa = PBXFrameworksBuildPhase;
			buildActionMask = 2147483647;
			files = (
			);
			runOnlyForDeploymentPostprocessing = 0;
		};
/* End PBXFrameworksBuildPhase section */

/* Begin PBXGroup section */
		F429F54223967204004B919B = {
			isa = PBXGroup;
			children = (
				F429F564239705DE004B919B /* .gitignore */,
				F429F54D23967205004B919B /* ShowMeYourTouch */,
				F429F54C23967205004B919B /* Products */,
			);
			sourceTree = "<group>";
		};
		F429F54C23967205004B919B /* Products */ = {
			isa = PBXGroup;
			children = (
				F429F54B23967205004B919B /* ShowMeYourTouch.app */,
			);
			name = Products;
			sourceTree = "<group>";
		};
		F429F54D23967205004B919B /* ShowMeYourTouch */ = {
			isa = PBXGroup;
			children = (
				F429F54E23967205004B919B /* AppDelegate.swift */,
				F429F55023967205004B919B /* SceneDelegate.swift */,
				F429F55223967205004B919B /* ViewController.swift */,
				F429F5622396F8C5004B919B /* TouchView.swift */,
				F429F55423967205004B919B /* Main.storyboard */,
				F429F55723967206004B919B /* Assets.xcassets */,
				F429F55923967206004B919B /* LaunchScreen.storyboard */,
				F429F55C23967206004B919B /* Info.plist */,
			);
			path = ShowMeYourTouch;
			sourceTree = "<group>";
		};
/* End PBXGroup section */

/* Begin PBXNativeTarget section */
		F429F54A23967205004B919B /* ShowMeYourTouch */ = {
			isa = PBXNativeTarget;
			buildConfigurationList = F429F55F23967206004B919B /* Build configuration list for PBXNativeTarget "ShowMeYourTouch" */;
			buildPhases = (
				F429F54723967205004B919B /* Sources */,
				F429F54823967205004B919B /* Frameworks */,
				F429F54923967205004B919B /* Resources */,
			);
			buildRules = (
			);
			dependencies = (
			);
			name = ShowMeYourTouch;
			productName = ShowMeYourTouch;
			productReference = F429F54B23967205004B919B /* ShowMeYourTouch.app */;
			productType = "com.apple.product-type.application";
		};
/* End PBXNativeTarget section */

/* Begin PBXProject section */
		F429F54323967204004B919B /* Project object */ = {
			isa = PBXProject;
			attributes = {
				LastSwiftUpdateCheck = 1100;
				LastUpgradeCheck = 1100;
				ORGANIZATIONNAME = home;
				TargetAttributes = {
					F429F54A23967205004B919B = {
						CreatedOnToolsVersion = 11.0;
					};
				};
			};
			buildConfigurationList = F429F54623967204004B919B /* Build configuration list for PBXProject "ShowMeYourTouch" */;
			compatibilityVersion = "Xcode 9.3";
			developmentRegion = en;
			hasScannedForEncodings = 0;
			knownRegions = (
				en,
				Base,
			);
			mainGroup = F429F54223967204004B919B;
			productRefGroup = F429F54C23967205004B919B /* Products */;
			projectDirPath = "";
			projectRoot = "";
			targets = (
				F429F54A23967205004B919B /* ShowMeYourTouch */,
			);
		};
/* End PBXProject section */

/* Begin PBXResourcesBuildPhase section */
		F429F54923967205004B919B /* Resources */ = {
			isa = PBXResourcesBuildPhase;
			buildActionMask = 2147483647;
			files = (
				F429F565239705DE004B919B /* .gitignore in Resources */,
				F429F55B23967206004B919B /* LaunchScreen.storyboard in Resources */,
				F429F55823967206004B919B /* Assets.xcassets in Resources */,
				F429F55623967205004B919B /* Main.storyboard in Resources */,
			);
			runOnlyForDeploymentPostprocessing = 0;
		};
/* End PBXResourcesBuildPhase section */

/* Begin PBXSourcesBuildPhase section */
		F429F54723967205004B919B /* Sources */ = {
			isa = PBXSourcesBuildPhase;
			buildActionMask = 2147483647;
			files = (
				F429F5632396F8C5004B919B /* TouchView.swift in Sources */,
				F429F55323967205004B919B /* ViewController.swift in Sources */,
				F429F54F23967205004B919B /* AppDelegate.swift in Sources */,
				F429F55123967205004B919B /* SceneDelegate.swift in Sources */,
			);
			runOnlyForDeploymentPostprocessing = 0;
		};
/* End PBXSourcesBuildPhase section */

/* Begin PBXVariantGroup section */
		F429F55423967205004B919B /* Main.storyboard */ = {
			isa = PBXVariantGroup;
			children = (
				F429F55523967205004B919B /* Base */,
			);
			name = Main.storyboard;
			sourceTree = "<group>";
		};
		F429F55923967206004B919B /* LaunchScreen.storyboard */ = {
			isa = PBXVariantGroup;
			children = (
				F429F55A23967206004B919B /* Base */,
			);
			name = LaunchScreen.storyboard;
			sourceTree = "<group>";
		};
/* End PBXVariantGroup section */

/* Begin XCBuildConfiguration section */
		F429F55D23967206004B919B /* Debug */ = {
			isa = XCBuildConfiguration;
			buildSettings = {
				ALWAYS_SEARCH_USER_PATHS = NO;
				CLANG_ANALYZER_NONNULL = YES;
				CLANG_ANALYZER_NUMBER_OBJECT_CONVERSION = YES_AGGRESSIVE;
				CLANG_CXX_LANGUAGE_STANDARD = "gnu++14";
				CLANG_CXX_LIBRARY = "libc++";
				CLANG_ENABLE_MODULES = YES;
				CLANG_ENABLE_OBJC_ARC = YES;
				CLANG_ENABLE_OBJC_WEAK = YES;
				CLANG_WARN_BLOCK_CAPTURE_AUTORELEASING = YES;
				CLANG_WARN_BOOL_CONVERSION = YES;
				CLANG_WARN_COMMA = YES;
				CLANG_WARN_CONSTANT_CONVERSION = YES;
				CLANG_WARN_DEPRECATED_OBJC_IMPLEMENTATIONS = YES;
				CLANG_WARN_DIRECT_OBJC_ISA_USAGE = YES_ERROR;
				CLANG_WARN_DOCUMENTATION_COMMENTS = YES;
				CLANG_WARN_EMPTY_BODY = YES;
				CLANG_WARN_ENUM_CONVERSION = YES;
				CLANG_WARN_INFINITE_RECURSION = YES;
				CLANG_WARN_INT_CONVERSION = YES;
				CLANG_WARN_NON_LITERAL_NULL_CONVERSION = YES;
				CLANG_WARN_OBJC_IMPLICIT_RETAIN_SELF = YES;
				CLANG_WARN_OBJC_LITERAL_CONVERSION = YES;
				CLANG_WARN_OBJC_ROOT_CLASS = YES_ERROR;
				CLANG_WARN_RANGE_LOOP_ANALYSIS = YES;
				CLANG_WARN_STRICT_PROTOTYPES = YES;
				CLANG_WARN_SUSPICIOUS_MOVE = YES;
				CLANG_WARN_UNGUARDED_AVAILABILITY = YES_AGGRESSIVE;
				CLANG_WARN_UNREACHABLE_CODE = YES;
				CLANG_WARN__DUPLICATE_METHOD_MATCH = YES;
				COPY_PHASE_STRIP = NO;
				DEBUG_INFORMATION_FORMAT = dwarf;
				ENABLE_STRICT_OBJC_MSGSEND = YES;
				ENABLE_TESTABILITY = YES;
				GCC_C_LANGUAGE_STANDARD = gnu11;
				GCC_DYNAMIC_NO_PIC = NO;
				GCC_NO_COMMON_BLOCKS = YES;
				GCC_OPTIMIZATION_LEVEL = 0;
				GCC_PREPROCESSOR_DEFINITIONS = (
					"DEBUG=1",
					"$(inherited)",
				);
				GCC_WARN_64_TO_32_BIT_CONVERSION = YES;
				GCC_WARN_ABOUT_RETURN_TYPE = YES_ERROR;
				GCC_WARN_UNDECLARED_SELECTOR = YES;
				GCC_WARN_UNINITIALIZED_AUTOS = YES_AGGRESSIVE;
				GCC_WARN_UNUSED_FUNCTION = YES;
				GCC_WARN_UNUSED_VARIABLE = YES;
				IPHONEOS_DEPLOYMENT_TARGET = 13.0;
				MTL_ENABLE_DEBUG_INFO = INCLUDE_SOURCE;
				MTL_FAST_MATH = YES;
				ONLY_ACTIVE_ARCH = YES;
				SDKROOT = iphoneos;
				SWIFT_ACTIVE_COMPILATION_CONDITIONS = DEBUG;
				SWIFT_OPTIMIZATION_LEVEL = "-Onone";
			};
			name = Debug;
		};
		F429F55E23967206004B919B /* Release */ = {
			isa = XCBuildConfiguration;
			buildSettings = {
				ALWAYS_SEARCH_USER_PATHS = NO;
				CLANG_ANALYZER_NONNULL = YES;
				CLANG_ANALYZER_NUMBER_OBJECT_CONVERSION = YES_AGGRESSIVE;
				CLANG_CXX_LANGUAGE_STANDARD = "gnu++14";
				CLANG_CXX_LIBRARY = "libc++";
				CLANG_ENABLE_MODULES = YES;
				CLANG_ENABLE_OBJC_ARC = YES;
				CLANG_ENABLE_OBJC_WEAK = YES;
				CLANG_WARN_BLOCK_CAPTURE_AUTORELEASING = YES;
				CLANG_WARN_BOOL_CONVERSION = YES;
				CLANG_WARN_COMMA = YES;
				CLANG_WARN_CONSTANT_CONVERSION = YES;
				CLANG_WARN_DEPRECATED_OBJC_IMPLEMENTATIONS = YES;
				CLANG_WARN_DIRECT_OBJC_ISA_USAGE = YES_ERROR;
				CLANG_WARN_DOCUMENTATION_COMMENTS = YES;
				CLANG_WARN_EMPTY_BODY = YES;
				CLANG_WARN_ENUM_CONVERSION = YES;
				CLANG_WARN_INFINITE_RECURSION = YES;
				CLANG_WARN_INT_CONVERSION = YES;
				CLANG_WARN_NON_LITERAL_NULL_CONVERSION = YES;
				CLANG_WARN_OBJC_IMPLICIT_RETAIN_SELF = YES;
				CLANG_WARN_OBJC_LITERAL_CONVERSION = YES;
				CLANG_WARN_OBJC_ROOT_CLASS = YES_ERROR;
				CLANG_WARN_RANGE_LOOP_ANALYSIS = YES;
				CLANG_WARN_STRICT_PROTOTYPES = YES;
				CLANG_WARN_SUSPICIOUS_MOVE = YES;
				CLANG_WARN_UNGUARDED_AVAILABILITY = YES_AGGRESSIVE;
				CLANG_WARN_UNREACHABLE_CODE = YES;
				CLANG_WARN__DUPLICATE_METHOD_MATCH = YES;
				COPY_PHASE_STRIP = NO;
				DEBUG_INFORMATION_FORMAT = "dwarf-with-dsym";
				ENABLE_NS_ASSERTIONS = NO;
				ENABLE_STRICT_OBJC_MSGSEND = YES;
				GCC_C_LANGUAGE_STANDARD = gnu11;
				GCC_NO_COMMON_BLOCKS = YES;
				GCC_WARN_64_TO_32_BIT_CONVERSION = YES;
				GCC_WARN_ABOUT_RETURN_TYPE = YES_ERROR;
				GCC_WARN_UNDECLARED_SELECTOR = YES;
				GCC_WARN_UNINITIALIZED_AUTOS = YES_AGGRESSIVE;
				GCC_WARN_UNUSED_FUNCTION = YES;
				GCC_WARN_UNUSED_VARIABLE = YES;
				IPHONEOS_DEPLOYMENT_TARGET = 13.0;
				MTL_ENABLE_DEBUG_INFO = NO;
				MTL_FAST_MATH = YES;
				SDKROOT = iphoneos;
				SWIFT_COMPILATION_MODE = wholemodule;
				SWIFT_OPTIMIZATION_LEVEL = "-O";
				VALIDATE_PRODUCT = YES;
			};
			name = Release;
		};
		F429F56023967206004B919B /* Debug */ = {
			isa = XCBuildConfiguration;
			buildSettings = {
				ASSETCATALOG_COMPILER_APPICON_NAME = AppIcon;
				CODE_SIGN_STYLE = Automatic;
				DEVELOPMENT_TEAM = MYN66JXJZK;
				INFOPLIST_FILE = ShowMeYourTouch/Info.plist;
				LD_RUNPATH_SEARCH_PATHS = (
					"$(inherited)",
					"@executable_path/Frameworks",
				);
				PRODUCT_BUNDLE_IDENTIFIER = com.anastasiadolgushina.ShowMeYourTouch;
				PRODUCT_NAME = "$(TARGET_NAME)";
				SWIFT_VERSION = 5.0;
				TARGETED_DEVICE_FAMILY = "1,2";
			};
			name = Debug;
		};
		F429F56123967206004B919B /* Release */ = {
			isa = XCBuildConfiguration;
			buildSettings = {
				ASSETCATALOG_COMPILER_APPICON_NAME = AppIcon;
				CODE_SIGN_STYLE = Automatic;
				DEVELOPMENT_TEAM = MYN66JXJZK;
				INFOPLIST_FILE = ShowMeYourTouch/Info.plist;
				LD_RUNPATH_SEARCH_PATHS = (
					"$(inherited)",
					"@executable_path/Frameworks",
				);
				PRODUCT_BUNDLE_IDENTIFIER = com.anastasiadolgushina.ShowMeYourTouch;
				PRODUCT_NAME = "$(TARGET_NAME)";
				SWIFT_VERSION = 5.0;
				TARGETED_DEVICE_FAMILY = "1,2";
			};
			name = Release;
		};
/* End XCBuildConfiguration section */

/* Begin XCConfigurationList section */
		F429F54623967204004B919B /* Build configuration list for PBXProject "ShowMeYourTouch" */ = {
			isa = XCConfigurationList;
			buildConfigurations = (
				F429F55D23967206004B919B /* Debug */,
				F429F55E23967206004B919B /* Release */,
			);
			defaultConfigurationIsVisible = 0;
			defaultConfigurationName = Release;
		};
		F429F55F23967206004B919B /* Build configuration list for PBXNativeTarget "ShowMeYourTouch" */ = {
			isa = XCConfigurationList;
			buildConfigurations = (
				F429F56023967206004B919B /* Debug */,
				F429F56123967206004B919B /* Release */,
			);
			defaultConfigurationIsVisible = 0;
			defaultConfigurationName = Release;
		};
/* End XCConfigurationList section */
	};
	rootObject = F429F54323967204004B919B /* Project object */;
}
